
Microsoft Visual Studio Solution File, Format Version 12.00
Project("{FAE04EC0-301F-11D3-BF4B-00C04F79EFBC}") = "Simplify.Scheduler.Job", "src\Simplify.Scheduler.Job\Simplify.Scheduler.Job.csproj", "{CAC87686-64AC-49B3-9DAD-D8CF32202646}"
EndProject
Project("{FAE04EC0-301F-11D3-BF4B-00C04F79EFBC}") = "Simplify.Scheduler.Job.Tests", "tests\Simplify.Scheduler.Job.Tests\Simplify.Scheduler.Job.Tests.csproj", "{8DB6A3A6-D92B-4044-9AFF-6A2E623CC408}"
EndProject
Global
	GlobalSection(SolutionConfigurationPlatforms) = preSolution
		Debug|Any CPU = Debug|Any CPU
		Release|Any CPU = Release|Any CPU
	EndGlobalSection
	GlobalSection(ProjectConfigurationPlatforms) = postSolution
		{CAC87686-64AC-49B3-9DAD-D8CF32202646}.Debug|Any CPU.ActiveCfg = Debug|Any CPU
		{CAC87686-64AC-49B3-9DAD-D8CF32202646}.Debug|Any CPU.Build.0 = Debug|Any CPU
		{CAC87686-64AC-49B3-9DAD-D8CF32202646}.Release|Any CPU.ActiveCfg = Release|Any CPU
		{CAC87686-64AC-49B3-9DAD-D8CF32202646}.Release|Any CPU.Build.0 = Release|Any CPU
		{8DB6A3A6-D92B-4044-9AFF-6A2E623CC408}.Debug|Any CPU.ActiveCfg = Debug|Any CPU
		{8DB6A3A6-D92B-4044-9AFF-6A2E623CC408}.Debug|Any CPU.Build.0 = Debug|Any CPU
		{8DB6A3A6-D92B-4044-9AFF-6A2E623CC408}.Release|Any CPU.ActiveCfg = Release|Any CPU
		{8DB6A3A6-D92B-4044-9AFF-6A2E623CC408}.Release|Any CPU.Build.0 = Release|Any CPU
	EndGlobalSection
EndGlobal
